
Microsoft Visual Studio Solution File, Format Version 12.00
# Visual Studio Version 16
VisualStudioVersion = 16.0.29102.190
MinimumVisualStudioVersion = 10.0.40219.1
Project("{9A19103F-16F7-4668-BE54-9A1E7A4F7556}") = "CNUSPACKER", "CNUSPACKER\CNUSPACKER.csproj", "{DC99F744-E0A0-41F2-A1CA-85B28AB1FE4B}"
EndProject
Global
	GlobalSection(SolutionConfigurationPlatforms) = preSolution
		Debug|Any CPU = Debug|Any CPU
		Release|Any CPU = Release|Any CPU
	EndGlobalSection
	GlobalSection(ProjectConfigurationPlatforms) = postSolution
		{DC99F744-E0A0-41F2-A1CA-85B28AB1FE4B}.Debug|Any CPU.ActiveCfg = Debug|Any CPU
		{DC99F744-E0A0-41F2-A1CA-85B28AB1FE4B}.Debug|Any CPU.Build.0 = Debug|Any CPU
		{DC99F744-E0A0-41F2-A1CA-85B28AB1FE4B}.Release|Any CPU.ActiveCfg = Release|Any CPU
		{DC99F744-E0A0-41F2-A1CA-85B28AB1FE4B}.Release|Any CPU.Build.0 = Release|Any CPU
	EndGlobalSection
	GlobalSection(SolutionProperties) = preSolution
		HideSolutionNode = FALSE
	EndGlobalSection
	GlobalSection(ExtensibilityGlobals) = postSolution
		SolutionGuid = {E961F1A9-0BC7-426E-A4A2-46B95BD9B745}
	EndGlobalSection
EndGlobal
